
Microsoft Visual Studio Solution File, Format Version 12.00
# Visual Studio Version 16
VisualStudioVersion = 16.0.30503.244
MinimumVisualStudioVersion = 10.0.40219.1
Project("{FAE04EC0-301F-11D3-BF4B-00C04F79EFBC}") = "Lab5", "Lab5\Lab5.csproj", "{3F73F0E4-6452-47AA-8C00-CC4F6B5DF6A6}"
EndProject
Global
	GlobalSection(SolutionConfigurationPlatforms) = preSolution
		Debug|Any CPU = Debug|Any CPU
		Release|Any CPU = Release|Any CPU
	EndGlobalSection
	GlobalSection(ProjectConfigurationPlatforms) = postSolution
		{3F73F0E4-6452-47AA-8C00-CC4F6B5DF6A6}.Debug|Any CPU.ActiveCfg = Debug|Any CPU
		{3F73F0E4-6452-47AA-8C00-CC4F6B5DF6A6}.Debug|Any CPU.Build.0 = Debug|Any CPU
		{3F73F0E4-6452-47AA-8C00-CC4F6B5DF6A6}.Release|Any CPU.ActiveCfg = Release|Any CPU
		{3F73F0E4-6452-47AA-8C00-CC4F6B5DF6A6}.Release|Any CPU.Build.0 = Release|Any CPU
	EndGlobalSection
	GlobalSection(SolutionProperties) = preSolution
		HideSolutionNode = FALSE
	EndGlobalSection
	GlobalSection(ExtensibilityGlobals) = postSolution
		SolutionGuid = {A9D10508-1E80-45F3-92CA-D2107C1BFEF2}
	EndGlobalSection
EndGlobal
