
Microsoft Visual Studio Solution File, Format Version 12.00
# Visual Studio Version 16
VisualStudioVersion = 16.0.30611.23
MinimumVisualStudioVersion = 10.0.40219.1
Project("{FAE04EC0-301F-11D3-BF4B-00C04F79EFBC}") = "Lab8", "Lab8\Lab8.csproj", "{FB094AF6-4D7E-4E76-A304-DF5FCE8B990B}"
EndProject
Global
	GlobalSection(SolutionConfigurationPlatforms) = preSolution
		Debug|Any CPU = Debug|Any CPU
		Release|Any CPU = Release|Any CPU
	EndGlobalSection
	GlobalSection(ProjectConfigurationPlatforms) = postSolution
		{FB094AF6-4D7E-4E76-A304-DF5FCE8B990B}.Debug|Any CPU.ActiveCfg = Debug|Any CPU
		{FB094AF6-4D7E-4E76-A304-DF5FCE8B990B}.Debug|Any CPU.Build.0 = Debug|Any CPU
		{FB094AF6-4D7E-4E76-A304-DF5FCE8B990B}.Release|Any CPU.ActiveCfg = Release|Any CPU
		{FB094AF6-4D7E-4E76-A304-DF5FCE8B990B}.Release|Any CPU.Build.0 = Release|Any CPU
	EndGlobalSection
	GlobalSection(SolutionProperties) = preSolution
		HideSolutionNode = FALSE
	EndGlobalSection
	GlobalSection(ExtensibilityGlobals) = postSolution
		SolutionGuid = {902E071C-0749-451C-B4A2-EDAC54DF02F1}
	EndGlobalSection
EndGlobal
