
Microsoft Visual Studio Solution File, Format Version 12.00
# Visual Studio Version 16
VisualStudioVersion = 16.0.30523.141
MinimumVisualStudioVersion = 10.0.40219.1
Project("{FAE04EC0-301F-11D3-BF4B-00C04F79EFBC}") = "Task1", "Task1\Task1.csproj", "{A647CE19-F68D-439C-B8B2-BD6816CC4C5F}"
EndProject
Project("{FAE04EC0-301F-11D3-BF4B-00C04F79EFBC}") = "Task2", "Task2\Task2.csproj", "{F27391CD-5D6B-4BBD-8F52-DDD8BAA0043D}"
EndProject
Project("{FAE04EC0-301F-11D3-BF4B-00C04F79EFBC}") = "Entity", "Entity\Entity.csproj", "{A7ED358B-D5B4-4DBE-B8A5-475D2B109A16}"
EndProject
Global
	GlobalSection(SolutionConfigurationPlatforms) = preSolution
		Debug|Any CPU = Debug|Any CPU
		Release|Any CPU = Release|Any CPU
	EndGlobalSection
	GlobalSection(ProjectConfigurationPlatforms) = postSolution
		{A647CE19-F68D-439C-B8B2-BD6816CC4C5F}.Debug|Any CPU.ActiveCfg = Debug|Any CPU
		{A647CE19-F68D-439C-B8B2-BD6816CC4C5F}.Debug|Any CPU.Build.0 = Debug|Any CPU
		{A647CE19-F68D-439C-B8B2-BD6816CC4C5F}.Release|Any CPU.ActiveCfg = Release|Any CPU
		{A647CE19-F68D-439C-B8B2-BD6816CC4C5F}.Release|Any CPU.Build.0 = Release|Any CPU
		{F27391CD-5D6B-4BBD-8F52-DDD8BAA0043D}.Debug|Any CPU.ActiveCfg = Debug|Any CPU
		{F27391CD-5D6B-4BBD-8F52-DDD8BAA0043D}.Debug|Any CPU.Build.0 = Debug|Any CPU
		{F27391CD-5D6B-4BBD-8F52-DDD8BAA0043D}.Release|Any CPU.ActiveCfg = Release|Any CPU
		{F27391CD-5D6B-4BBD-8F52-DDD8BAA0043D}.Release|Any CPU.Build.0 = Release|Any CPU
		{A7ED358B-D5B4-4DBE-B8A5-475D2B109A16}.Debug|Any CPU.ActiveCfg = Debug|Any CPU
		{A7ED358B-D5B4-4DBE-B8A5-475D2B109A16}.Debug|Any CPU.Build.0 = Debug|Any CPU
		{A7ED358B-D5B4-4DBE-B8A5-475D2B109A16}.Release|Any CPU.ActiveCfg = Release|Any CPU
		{A7ED358B-D5B4-4DBE-B8A5-475D2B109A16}.Release|Any CPU.Build.0 = Release|Any CPU
	EndGlobalSection
	GlobalSection(SolutionProperties) = preSolution
		HideSolutionNode = FALSE
	EndGlobalSection
	GlobalSection(ExtensibilityGlobals) = postSolution
		SolutionGuid = {676DF586-85CF-4C19-9EFA-3EAB975428B3}
	EndGlobalSection
EndGlobal
