
Microsoft Visual Studio Solution File, Format Version 12.00
# Visual Studio Version 16
VisualStudioVersion = 16.0.30907.101
MinimumVisualStudioVersion = 10.0.40219.1
Project("{FAE04EC0-301F-11D3-BF4B-00C04F79EFBC}") = "MySQL.ADO", "MySQL.ADO\MySQL.ADO.csproj", "{5AFDB036-3B74-459A-A2C6-9074D9128FB1}"
EndProject
Project("{FAE04EC0-301F-11D3-BF4B-00C04F79EFBC}") = "MySQL.EF", "MySQL.EF\MySQL.EF.csproj", "{CEE7BE69-E2A4-4682-9DDF-71029A76C936}"
EndProject
Project("{FAE04EC0-301F-11D3-BF4B-00C04F79EFBC}") = "MySQL.ADO.CRUD", "MySQL.ADO.CRUD\MySQL.ADO.CRUD.csproj", "{1DC64396-1CB9-4798-8D60-EF9CBC1B3313}"
EndProject
Project("{FAE04EC0-301F-11D3-BF4B-00C04F79EFBC}") = "MySQL.EF.CRUD", "MySQL.EF.CRUD\MySQL.EF.CRUD.csproj", "{623B62A2-3797-41C4-BDEF-4C30708C077B}"
EndProject
Global
	GlobalSection(SolutionConfigurationPlatforms) = preSolution
		Debug|Any CPU = Debug|Any CPU
		Release|Any CPU = Release|Any CPU
	EndGlobalSection
	GlobalSection(ProjectConfigurationPlatforms) = postSolution
		{5AFDB036-3B74-459A-A2C6-9074D9128FB1}.Debug|Any CPU.ActiveCfg = Debug|Any CPU
		{5AFDB036-3B74-459A-A2C6-9074D9128FB1}.Debug|Any CPU.Build.0 = Debug|Any CPU
		{5AFDB036-3B74-459A-A2C6-9074D9128FB1}.Release|Any CPU.ActiveCfg = Release|Any CPU
		{5AFDB036-3B74-459A-A2C6-9074D9128FB1}.Release|Any CPU.Build.0 = Release|Any CPU
		{CEE7BE69-E2A4-4682-9DDF-71029A76C936}.Debug|Any CPU.ActiveCfg = Debug|Any CPU
		{CEE7BE69-E2A4-4682-9DDF-71029A76C936}.Debug|Any CPU.Build.0 = Debug|Any CPU
		{CEE7BE69-E2A4-4682-9DDF-71029A76C936}.Release|Any CPU.ActiveCfg = Release|Any CPU
		{CEE7BE69-E2A4-4682-9DDF-71029A76C936}.Release|Any CPU.Build.0 = Release|Any CPU
		{1DC64396-1CB9-4798-8D60-EF9CBC1B3313}.Debug|Any CPU.ActiveCfg = Debug|Any CPU
		{1DC64396-1CB9-4798-8D60-EF9CBC1B3313}.Debug|Any CPU.Build.0 = Debug|Any CPU
		{1DC64396-1CB9-4798-8D60-EF9CBC1B3313}.Release|Any CPU.ActiveCfg = Release|Any CPU
		{1DC64396-1CB9-4798-8D60-EF9CBC1B3313}.Release|Any CPU.Build.0 = Release|Any CPU
		{623B62A2-3797-41C4-BDEF-4C30708C077B}.Debug|Any CPU.ActiveCfg = Debug|Any CPU
		{623B62A2-3797-41C4-BDEF-4C30708C077B}.Debug|Any CPU.Build.0 = Debug|Any CPU
		{623B62A2-3797-41C4-BDEF-4C30708C077B}.Release|Any CPU.ActiveCfg = Release|Any CPU
		{623B62A2-3797-41C4-BDEF-4C30708C077B}.Release|Any CPU.Build.0 = Release|Any CPU
	EndGlobalSection
	GlobalSection(SolutionProperties) = preSolution
		HideSolutionNode = FALSE
	EndGlobalSection
	GlobalSection(ExtensibilityGlobals) = postSolution
		SolutionGuid = {E6E99E73-4C6B-409C-BD68-4527EF696811}
	EndGlobalSection
EndGlobal
