
Microsoft Visual Studio Solution File, Format Version 12.00
# Visual Studio Version 16
VisualStudioVersion = 16.0.30503.244
MinimumVisualStudioVersion = 10.0.40219.1
Project("{FAE04EC0-301F-11D3-BF4B-00C04F79EFBC}") = "Lab4", "Lab4.csproj", "{476DF2A8-093E-4B4B-BFD9-C632C7B418C6}"
EndProject
Global
	GlobalSection(SolutionConfigurationPlatforms) = preSolution
		Debug|Any CPU = Debug|Any CPU
		Release|Any CPU = Release|Any CPU
	EndGlobalSection
	GlobalSection(ProjectConfigurationPlatforms) = postSolution
		{476DF2A8-093E-4B4B-BFD9-C632C7B418C6}.Debug|Any CPU.ActiveCfg = Debug|Any CPU
		{476DF2A8-093E-4B4B-BFD9-C632C7B418C6}.Debug|Any CPU.Build.0 = Debug|Any CPU
		{476DF2A8-093E-4B4B-BFD9-C632C7B418C6}.Release|Any CPU.ActiveCfg = Release|Any CPU
		{476DF2A8-093E-4B4B-BFD9-C632C7B418C6}.Release|Any CPU.Build.0 = Release|Any CPU
	EndGlobalSection
	GlobalSection(SolutionProperties) = preSolution
		HideSolutionNode = FALSE
	EndGlobalSection
	GlobalSection(ExtensibilityGlobals) = postSolution
		SolutionGuid = {908B8E83-EA6D-459F-A2BE-4BFB15C5FE16}
	EndGlobalSection
EndGlobal
