
Microsoft Visual Studio Solution File, Format Version 12.00
# Visual Studio Version 16
VisualStudioVersion = 16.0.30621.155
MinimumVisualStudioVersion = 10.0.40219.1
Project("{FAE04EC0-301F-11D3-BF4B-00C04F79EFBC}") = "UiResolution", "View\UiResolution.csproj", "{73C135CF-A68F-4CD1-8CBF-F9D9C4FF738A}"
EndProject
Project("{FAE04EC0-301F-11D3-BF4B-00C04F79EFBC}") = "Entity", "Entity\Entity.csproj", "{DDDE6C9C-1FB7-4E83-BD64-E501EF6D93D7}"
EndProject
Project("{FAE04EC0-301F-11D3-BF4B-00C04F79EFBC}") = "Logic", "Logic\Logic.csproj", "{DA2A03CF-16D1-4858-847B-31E7B2AFFCAF}"
EndProject
Project("{FAE04EC0-301F-11D3-BF4B-00C04F79EFBC}") = "UiConstructor", "UiConstructor\UiConstructor.csproj", "{EF5DF6F4-83D2-4C47-9C8C-D914076DCFF8}"
EndProject
Project("{FAE04EC0-301F-11D3-BF4B-00C04F79EFBC}") = "UiCalculator", "UiCalculator\UiCalculator.csproj", "{170C4205-CBDC-49CC-A84F-94051183CF5A}"
EndProject
Project("{FAE04EC0-301F-11D3-BF4B-00C04F79EFBC}") = "Resultion", "LogicResultion\Resultion.csproj", "{CE8813DC-5B21-48F2-ADE6-40C17A876C77}"
EndProject
Project("{FAE04EC0-301F-11D3-BF4B-00C04F79EFBC}") = "Constructor", "Constructor\Constructor.csproj", "{0BD17E2A-E9EB-4B89-AE10-A621DBFAD3DA}"
EndProject
Project("{FAE04EC0-301F-11D3-BF4B-00C04F79EFBC}") = "Calculator", "Calculator\Calculator.csproj", "{374C3F71-5CF5-4BAF-8124-6E2A6AE9511D}"
EndProject
Project("{2150E333-8FDC-42A3-9474-1A3956D46DE8}") = "UseCases", "UseCases", "{59ECB4A8-237E-488E-A149-F150720C0E5A}"
EndProject
Project("{2150E333-8FDC-42A3-9474-1A3956D46DE8}") = "UserInterfaces", "UserInterfaces", "{F8275C1F-37DE-4C7D-AC6F-647738D7C88A}"
EndProject
Project("{2150E333-8FDC-42A3-9474-1A3956D46DE8}") = "Model", "Model", "{4B85CF07-F0AE-4F80-8869-B116735F206E}"
EndProject
Global
	GlobalSection(SolutionConfigurationPlatforms) = preSolution
		Debug|Any CPU = Debug|Any CPU
		Release|Any CPU = Release|Any CPU
	EndGlobalSection
	GlobalSection(ProjectConfigurationPlatforms) = postSolution
		{73C135CF-A68F-4CD1-8CBF-F9D9C4FF738A}.Debug|Any CPU.ActiveCfg = Debug|Any CPU
		{73C135CF-A68F-4CD1-8CBF-F9D9C4FF738A}.Debug|Any CPU.Build.0 = Debug|Any CPU
		{73C135CF-A68F-4CD1-8CBF-F9D9C4FF738A}.Release|Any CPU.ActiveCfg = Release|Any CPU
		{73C135CF-A68F-4CD1-8CBF-F9D9C4FF738A}.Release|Any CPU.Build.0 = Release|Any CPU
		{DDDE6C9C-1FB7-4E83-BD64-E501EF6D93D7}.Debug|Any CPU.ActiveCfg = Debug|Any CPU
		{DDDE6C9C-1FB7-4E83-BD64-E501EF6D93D7}.Debug|Any CPU.Build.0 = Debug|Any CPU
		{DDDE6C9C-1FB7-4E83-BD64-E501EF6D93D7}.Release|Any CPU.ActiveCfg = Release|Any CPU
		{DDDE6C9C-1FB7-4E83-BD64-E501EF6D93D7}.Release|Any CPU.Build.0 = Release|Any CPU
		{DA2A03CF-16D1-4858-847B-31E7B2AFFCAF}.Debug|Any CPU.ActiveCfg = Debug|Any CPU
		{DA2A03CF-16D1-4858-847B-31E7B2AFFCAF}.Debug|Any CPU.Build.0 = Debug|Any CPU
		{DA2A03CF-16D1-4858-847B-31E7B2AFFCAF}.Release|Any CPU.ActiveCfg = Release|Any CPU
		{DA2A03CF-16D1-4858-847B-31E7B2AFFCAF}.Release|Any CPU.Build.0 = Release|Any CPU
		{EF5DF6F4-83D2-4C47-9C8C-D914076DCFF8}.Debug|Any CPU.ActiveCfg = Debug|Any CPU
		{EF5DF6F4-83D2-4C47-9C8C-D914076DCFF8}.Debug|Any CPU.Build.0 = Debug|Any CPU
		{EF5DF6F4-83D2-4C47-9C8C-D914076DCFF8}.Release|Any CPU.ActiveCfg = Release|Any CPU
		{EF5DF6F4-83D2-4C47-9C8C-D914076DCFF8}.Release|Any CPU.Build.0 = Release|Any CPU
		{170C4205-CBDC-49CC-A84F-94051183CF5A}.Debug|Any CPU.ActiveCfg = Debug|Any CPU
		{170C4205-CBDC-49CC-A84F-94051183CF5A}.Debug|Any CPU.Build.0 = Debug|Any CPU
		{170C4205-CBDC-49CC-A84F-94051183CF5A}.Release|Any CPU.ActiveCfg = Release|Any CPU
		{170C4205-CBDC-49CC-A84F-94051183CF5A}.Release|Any CPU.Build.0 = Release|Any CPU
		{CE8813DC-5B21-48F2-ADE6-40C17A876C77}.Debug|Any CPU.ActiveCfg = Debug|Any CPU
		{CE8813DC-5B21-48F2-ADE6-40C17A876C77}.Debug|Any CPU.Build.0 = Debug|Any CPU
		{CE8813DC-5B21-48F2-ADE6-40C17A876C77}.Release|Any CPU.ActiveCfg = Release|Any CPU
		{CE8813DC-5B21-48F2-ADE6-40C17A876C77}.Release|Any CPU.Build.0 = Release|Any CPU
		{0BD17E2A-E9EB-4B89-AE10-A621DBFAD3DA}.Debug|Any CPU.ActiveCfg = Debug|Any CPU
		{0BD17E2A-E9EB-4B89-AE10-A621DBFAD3DA}.Debug|Any CPU.Build.0 = Debug|Any CPU
		{0BD17E2A-E9EB-4B89-AE10-A621DBFAD3DA}.Release|Any CPU.ActiveCfg = Release|Any CPU
		{0BD17E2A-E9EB-4B89-AE10-A621DBFAD3DA}.Release|Any CPU.Build.0 = Release|Any CPU
		{374C3F71-5CF5-4BAF-8124-6E2A6AE9511D}.Debug|Any CPU.ActiveCfg = Debug|Any CPU
		{374C3F71-5CF5-4BAF-8124-6E2A6AE9511D}.Debug|Any CPU.Build.0 = Debug|Any CPU
		{374C3F71-5CF5-4BAF-8124-6E2A6AE9511D}.Release|Any CPU.ActiveCfg = Release|Any CPU
		{374C3F71-5CF5-4BAF-8124-6E2A6AE9511D}.Release|Any CPU.Build.0 = Release|Any CPU
	EndGlobalSection
	GlobalSection(SolutionProperties) = preSolution
		HideSolutionNode = FALSE
	EndGlobalSection
	GlobalSection(NestedProjects) = preSolution
		{73C135CF-A68F-4CD1-8CBF-F9D9C4FF738A} = {F8275C1F-37DE-4C7D-AC6F-647738D7C88A}
		{DDDE6C9C-1FB7-4E83-BD64-E501EF6D93D7} = {4B85CF07-F0AE-4F80-8869-B116735F206E}
		{DA2A03CF-16D1-4858-847B-31E7B2AFFCAF} = {4B85CF07-F0AE-4F80-8869-B116735F206E}
		{EF5DF6F4-83D2-4C47-9C8C-D914076DCFF8} = {F8275C1F-37DE-4C7D-AC6F-647738D7C88A}
		{170C4205-CBDC-49CC-A84F-94051183CF5A} = {F8275C1F-37DE-4C7D-AC6F-647738D7C88A}
		{CE8813DC-5B21-48F2-ADE6-40C17A876C77} = {59ECB4A8-237E-488E-A149-F150720C0E5A}
		{0BD17E2A-E9EB-4B89-AE10-A621DBFAD3DA} = {59ECB4A8-237E-488E-A149-F150720C0E5A}
		{374C3F71-5CF5-4BAF-8124-6E2A6AE9511D} = {59ECB4A8-237E-488E-A149-F150720C0E5A}
	EndGlobalSection
	GlobalSection(ExtensibilityGlobals) = postSolution
		SolutionGuid = {89FB0377-316B-4AAD-BF94-E6946E981D2A}
	EndGlobalSection
EndGlobal
