
Microsoft Visual Studio Solution File, Format Version 12.00
# Visual Studio Version 16
VisualStudioVersion = 16.0.30711.63
MinimumVisualStudioVersion = 10.0.40219.1
Project("{FAE04EC0-301F-11D3-BF4B-00C04F79EFBC}") = "EntryPoint", "Lab12\EntryPoint.csproj", "{17E0A3FF-1D0F-4513-9B0B-509E5EEA667D}"
EndProject
Project("{2150E333-8FDC-42A3-9474-1A3956D46DE8}") = "Lab12", "Lab12", "{0A815879-E8A5-4BD6-A733-A9BE882CD1B2}"
EndProject
Project("{FAE04EC0-301F-11D3-BF4B-00C04F79EFBC}") = "Collection", "Collection\Collection.csproj", "{84961AF5-1F60-4360-8533-005CD2CC138A}"
EndProject
Project("{FAE04EC0-301F-11D3-BF4B-00C04F79EFBC}") = "Dialog", "Dialog\Dialog.csproj", "{9535DD5D-2F34-4A6E-A71D-364871D96118}"
EndProject
Project("{FAE04EC0-301F-11D3-BF4B-00C04F79EFBC}") = "Entity", "Entity\Entity.csproj", "{A7ED358B-D5B4-4DBE-B8A5-475D2B109A16}"
EndProject
Project("{2150E333-8FDC-42A3-9474-1A3956D46DE8}") = "General", "General", "{C0551F81-4A2D-44CC-8DB4-CEA8EDBBFBF3}"
EndProject
Project("{2150E333-8FDC-42A3-9474-1A3956D46DE8}") = "Lab13", "Lab13", "{66413358-4A07-42A5-9337-EDB3D67A0FE5}"
EndProject
Project("{2150E333-8FDC-42A3-9474-1A3956D46DE8}") = "Lab14", "Lab14", "{BA7B5AFD-E76C-4D06-9679-97C33B99C7F9}"
EndProject
Global
	GlobalSection(SolutionConfigurationPlatforms) = preSolution
		Debug|Any CPU = Debug|Any CPU
		Release|Any CPU = Release|Any CPU
	EndGlobalSection
	GlobalSection(ProjectConfigurationPlatforms) = postSolution
		{17E0A3FF-1D0F-4513-9B0B-509E5EEA667D}.Debug|Any CPU.ActiveCfg = Debug|Any CPU
		{17E0A3FF-1D0F-4513-9B0B-509E5EEA667D}.Debug|Any CPU.Build.0 = Debug|Any CPU
		{17E0A3FF-1D0F-4513-9B0B-509E5EEA667D}.Release|Any CPU.ActiveCfg = Release|Any CPU
		{17E0A3FF-1D0F-4513-9B0B-509E5EEA667D}.Release|Any CPU.Build.0 = Release|Any CPU
		{84961AF5-1F60-4360-8533-005CD2CC138A}.Debug|Any CPU.ActiveCfg = Debug|Any CPU
		{84961AF5-1F60-4360-8533-005CD2CC138A}.Debug|Any CPU.Build.0 = Debug|Any CPU
		{84961AF5-1F60-4360-8533-005CD2CC138A}.Release|Any CPU.ActiveCfg = Release|Any CPU
		{84961AF5-1F60-4360-8533-005CD2CC138A}.Release|Any CPU.Build.0 = Release|Any CPU
		{9535DD5D-2F34-4A6E-A71D-364871D96118}.Debug|Any CPU.ActiveCfg = Debug|Any CPU
		{9535DD5D-2F34-4A6E-A71D-364871D96118}.Debug|Any CPU.Build.0 = Debug|Any CPU
		{9535DD5D-2F34-4A6E-A71D-364871D96118}.Release|Any CPU.ActiveCfg = Release|Any CPU
		{9535DD5D-2F34-4A6E-A71D-364871D96118}.Release|Any CPU.Build.0 = Release|Any CPU
		{A7ED358B-D5B4-4DBE-B8A5-475D2B109A16}.Debug|Any CPU.ActiveCfg = Debug|Any CPU
		{A7ED358B-D5B4-4DBE-B8A5-475D2B109A16}.Debug|Any CPU.Build.0 = Debug|Any CPU
		{A7ED358B-D5B4-4DBE-B8A5-475D2B109A16}.Release|Any CPU.ActiveCfg = Release|Any CPU
		{A7ED358B-D5B4-4DBE-B8A5-475D2B109A16}.Release|Any CPU.Build.0 = Release|Any CPU
	EndGlobalSection
	GlobalSection(SolutionProperties) = preSolution
		HideSolutionNode = FALSE
	EndGlobalSection
	GlobalSection(NestedProjects) = preSolution
		{17E0A3FF-1D0F-4513-9B0B-509E5EEA667D} = {0A815879-E8A5-4BD6-A733-A9BE882CD1B2}
		{84961AF5-1F60-4360-8533-005CD2CC138A} = {0A815879-E8A5-4BD6-A733-A9BE882CD1B2}
		{9535DD5D-2F34-4A6E-A71D-364871D96118} = {C0551F81-4A2D-44CC-8DB4-CEA8EDBBFBF3}
		{A7ED358B-D5B4-4DBE-B8A5-475D2B109A16} = {C0551F81-4A2D-44CC-8DB4-CEA8EDBBFBF3}
	EndGlobalSection
	GlobalSection(ExtensibilityGlobals) = postSolution
		SolutionGuid = {58254F48-4869-4E56-A74E-9F1038992F46}
	EndGlobalSection
EndGlobal
